
Microsoft Visual Studio Solution File, Format Version 12.00
# Visual Studio Version 18
VisualStudioVersion = 18.3.11512.155 d18.3
MinimumVisualStudioVersion = 10.0.40219.1
Project("{FAE04EC0-301F-11D3-BF4B-00C04F79EFBC}") = "yt-digest", "yt-digest.csproj", "{4F7FED76-18B0-FBEE-779C-C140836E6A69}"
EndProject
Global
	GlobalSection(SolutionConfigurationPlatforms) = preSolution
		Debug|Any CPU = Debug|Any CPU
		Release|Any CPU = Release|Any CPU
	EndGlobalSection
	GlobalSection(ProjectConfigurationPlatforms) = postSolution
		{4F7FED76-18B0-FBEE-779C-C140836E6A69}.Debug|Any CPU.ActiveCfg = Debug|Any CPU
		{4F7FED76-18B0-FBEE-779C-C140836E6A69}.Debug|Any CPU.Build.0 = Debug|Any CPU
		{4F7FED76-18B0-FBEE-779C-C140836E6A69}.Release|Any CPU.ActiveCfg = Release|Any CPU
		{4F7FED76-18B0-FBEE-779C-C140836E6A69}.Release|Any CPU.Build.0 = Release|Any CPU
	EndGlobalSection
	GlobalSection(SolutionProperties) = preSolution
		HideSolutionNode = FALSE
	EndGlobalSection
	GlobalSection(ExtensibilityGlobals) = postSolution
		SolutionGuid = {86850718-2051-45B3-886D-3F9D518DE996}
	EndGlobalSection
EndGlobal
